
Microsoft Visual Studio Solution File, Format Version 12.00
# Visual Studio Version 17
VisualStudioVersion = 17.7.34031.279
MinimumVisualStudioVersion = 10.0.40219.1
Project("{FAE04EC0-301F-11D3-BF4B-00C04F79EFBC}") = "otodikhetgyak", "otodikhetgyak\otodikhetgyak.csproj", "{AA7E6462-7E59-4BC5-B8AE-04DB46E0D226}"
EndProject
Global
	GlobalSection(SolutionConfigurationPlatforms) = preSolution
		Debug|Any CPU = Debug|Any CPU
		Release|Any CPU = Release|Any CPU
	EndGlobalSection
	GlobalSection(ProjectConfigurationPlatforms) = postSolution
		{AA7E6462-7E59-4BC5-B8AE-04DB46E0D226}.Debug|Any CPU.ActiveCfg = Debug|Any CPU
		{AA7E6462-7E59-4BC5-B8AE-04DB46E0D226}.Debug|Any CPU.Build.0 = Debug|Any CPU
		{AA7E6462-7E59-4BC5-B8AE-04DB46E0D226}.Release|Any CPU.ActiveCfg = Release|Any CPU
		{AA7E6462-7E59-4BC5-B8AE-04DB46E0D226}.Release|Any CPU.Build.0 = Release|Any CPU
	EndGlobalSection
	GlobalSection(SolutionProperties) = preSolution
		HideSolutionNode = FALSE
	EndGlobalSection
	GlobalSection(ExtensibilityGlobals) = postSolution
		SolutionGuid = {D02E77AA-B795-40E8-BBB1-F60B5A1ADB6E}
	EndGlobalSection
EndGlobal
